<?xml version="1.0" encoding="utf-8"?>
<Project ToolsVersion="4.0" xmlns="http://schemas.microsoft.com/developer/msbuild/2003">
  <ItemGroup>
    <Filter Include="Generated Files">
      <UniqueIdentifier>{71ED8ED8-ACB9-4CE9-BBE1-E00B30144E11}</UniqueIdentifier>
      <Extensions>moc;h;cpp</Extensions>
      <SourceControlFiles>False</SourceControlFiles>
    </Filter>
    <Filter Include="Generated Files\Debug">
      <UniqueIdentifier>{7ccb90cf-c9f7-436c-9c43-7304f3d29eb3}</UniqueIdentifier>
      <Extensions>cpp;moc</Extensions>
      <SourceControlFiles>False</SourceControlFiles>
    </Filter>
    <Filter Include="Generated Files\Release">
      <UniqueIdentifier>{6c379078-ac3c-4aa4-b44d-f64d14b9b52b}</UniqueIdentifier>
      <Extensions>cpp;moc</Extensions>
      <SourceControlFiles>False</SourceControlFiles>
    </Filter>
    <Filter Include="Source">
      <UniqueIdentifier>{7d51e9cb-6916-4c46-b65e-447c428544af}</UniqueIdentifier>
    </Filter>
    <Filter Include="Resources">
      <UniqueIdentifier>{fc147a7b-5449-4682-a9e6-a3491a4aaecc}</UniqueIdentifier>
    </Filter>
    <Filter Include="Source\Marking">
      <UniqueIdentifier>{159e730b-3303-475c-938b-21e811b534c7}</UniqueIdentifier>
    </Filter>
    <Filter Include="Source\Marking\Items">
      <UniqueIdentifier>{f188b618-5d3d-4112-a045-fba3e0094dfc}</UniqueIdentifier>
    </Filter>
    <Filter Include="Source\Marking\EditorDialog">
      <UniqueIdentifier>{d2b342b1-8713-4341-87d7-4da6533e6ab0}</UniqueIdentifier>
    </Filter>
    <Filter Include="Source\DataSource">
      <UniqueIdentifier>{0e1e6b50-ba32-4f3c-82e6-094db9115f03}</UniqueIdentifier>
    </Filter>
    <Filter Include="Source\DataSource\Items">
      <UniqueIdentifier>{f41bf490-7d59-47bd-8b86-eaf87dad08c7}</UniqueIdentifier>
    </Filter>
    <Filter Include="Source\DataSource\Items\RandomGenerator">
      <UniqueIdentifier>{5c71793e-e29d-4a64-af8c-1575875fdceb}</UniqueIdentifier>
    </Filter>
    <Filter Include="Source\DataSource\Items\ManualControl">
      <UniqueIdentifier>{412b9d96-f29f-4d69-9c1d-25f2a1955c2b}</UniqueIdentifier>
    </Filter>
    <Filter Include="Source\DataSource\Items\ComPort">
      <UniqueIdentifier>{cbbcc01c-a853-4855-8717-be43ca0e5e11}</UniqueIdentifier>
    </Filter>
    <Filter Include="Source\_Main">
      <UniqueIdentifier>{44db30e7-0609-46e7-b1b9-d6642e997054}</UniqueIdentifier>
    </Filter>
    <Filter Include="Source\Chart">
      <UniqueIdentifier>{af8753a6-d90c-49d8-82b5-7ed687ed1af2}</UniqueIdentifier>
    </Filter>
    <Filter Include="Source\Chart\Items">
      <UniqueIdentifier>{fad4a39a-8696-4ed7-befc-6b5aed4004b3}</UniqueIdentifier>
    </Filter>
    <Filter Include="Source\Utils">
      <UniqueIdentifier>{339e3c34-f9b7-47df-8af4-6d171cd365eb}</UniqueIdentifier>
    </Filter>
    <Filter Include="Source\Chart\ChartTabs">
      <UniqueIdentifier>{097b1f24-41da-4e39-9ac5-7e4bba186323}</UniqueIdentifier>
    </Filter>
    <Filter Include="Source\Chart\ChartWidget">
      <UniqueIdentifier>{4a8fce1a-5535-47be-b939-51a1a434b482}</UniqueIdentifier>
    </Filter>
    <Filter Include="Source\Chart\ChartWidget\CustomPlot">
      <UniqueIdentifier>{5581fb4a-02e0-4f7f-bd8a-f0310b10a2fe}</UniqueIdentifier>
    </Filter>
    <Filter Include="Source\DataProxy">
      <UniqueIdentifier>{db319f61-436d-4469-99a7-4095b568de51}</UniqueIdentifier>
    </Filter>
    <Filter Include="Source\DataProxy\CollectionProxy">
      <UniqueIdentifier>{357765d4-b1b9-477a-b232-f1fe1e008106}</UniqueIdentifier>
    </Filter>
    <Filter Include="Source\DataSource\Items\RandomGenerator\Widget">
      <UniqueIdentifier>{81492199-75dd-403b-b3ea-cececf1d5274}</UniqueIdentifier>
    </Filter>
    <Filter Include="Source\DataSource\Items\ManualControl\Widget">
      <UniqueIdentifier>{337af80e-8bf7-4580-a430-44ac9551a7c5}</UniqueIdentifier>
    </Filter>
  </ItemGroup>
  <ItemGroup>
    <ClCompile Include="main.cpp">
      <Filter>Source</Filter>
    </ClCompile>
    <ClCompile Include="..\..\..\Source\ModuleData.cpp">
      <Filter>Source\_Main</Filter>
    </ClCompile>
    <ClCompile Include="GeneratedFiles\Debug\moc_ModuleData.cpp">
      <Filter>Generated Files\Debug</Filter>
    </ClCompile>
    <ClCompile Include="GeneratedFiles\Release\moc_ModuleData.cpp">
      <Filter>Generated Files\Release</Filter>
    </ClCompile>
    <ClCompile Include="GeneratedFiles\qrc_ModuleData.cpp">
      <Filter>Generated Files</Filter>
    </ClCompile>
    <ClCompile Include="..\..\..\Source\MarkingContainer.cpp">
      <Filter>Source\Marking</Filter>
    </ClCompile>
    <ClCompile Include="GeneratedFiles\Debug\moc_MarkingContainer.cpp">
      <Filter>Generated Files\Debug</Filter>
    </ClCompile>
    <ClCompile Include="GeneratedFiles\Release\moc_MarkingContainer.cpp">
      <Filter>Generated Files\Release</Filter>
    </ClCompile>
    <ClCompile Include="..\..\..\Source\Marking.cpp">
      <Filter>Source\Marking\Items</Filter>
    </ClCompile>
    <ClCompile Include="..\..\..\Source\MarkingEditorDialog.cpp">
      <Filter>Source\Marking\EditorDialog</Filter>
    </ClCompile>
    <ClCompile Include="GeneratedFiles\Debug\moc_MarkingEditorDialog.cpp">
      <Filter>Generated Files\Debug</Filter>
    </ClCompile>
    <ClCompile Include="GeneratedFiles\Release\moc_MarkingEditorDialog.cpp">
      <Filter>Generated Files\Release</Filter>
    </ClCompile>
    <ClCompile Include="GeneratedFiles\Debug\moc_Marking.cpp">
      <Filter>Generated Files\Debug</Filter>
    </ClCompile>
    <ClCompile Include="GeneratedFiles\Release\moc_Marking.cpp">
      <Filter>Generated Files\Release</Filter>
    </ClCompile>
    <ClCompile Include="..\..\..\Source\DataSourceContainer.cpp">
      <Filter>Source\DataSource</Filter>
    </ClCompile>
    <ClCompile Include="..\..\..\Source\DataSource.cpp">
      <Filter>Source\DataSource\Items</Filter>
    </ClCompile>
    <ClCompile Include="..\..\..\Source\DSRandomGenerator.cpp">
      <Filter>Source\DataSource\Items\RandomGenerator</Filter>
    </ClCompile>
    <ClCompile Include="..\..\..\Source\DSManualControl.cpp">
      <Filter>Source\DataSource\Items\ManualControl</Filter>
    </ClCompile>
    <ClCompile Include="..\..\..\Source\DSComPort.cpp">
      <Filter>Source\DataSource\Items\ComPort</Filter>
    </ClCompile>
    <ClCompile Include="GeneratedFiles\Debug\moc_DataSource.cpp">
      <Filter>Generated Files\Debug</Filter>
    </ClCompile>
    <ClCompile Include="GeneratedFiles\Release\moc_DataSource.cpp">
      <Filter>Generated Files\Release</Filter>
    </ClCompile>
    <ClCompile Include="GeneratedFiles\Debug\moc_DataSourceContainer.cpp">
      <Filter>Generated Files\Debug</Filter>
    </ClCompile>
    <ClCompile Include="GeneratedFiles\Release\moc_DataSourceContainer.cpp">
      <Filter>Generated Files\Release</Filter>
    </ClCompile>
    <ClCompile Include="..\..\..\Source\ChartContainer.cpp">
      <Filter>Source\Chart</Filter>
    </ClCompile>
    <ClCompile Include="..\..\..\Source\Chart.cpp">
      <Filter>Source\Chart\Items</Filter>
    </ClCompile>
    <ClCompile Include="GeneratedFiles\Debug\moc_Chart.cpp">
      <Filter>Generated Files\Debug</Filter>
    </ClCompile>
    <ClCompile Include="GeneratedFiles\Release\moc_Chart.cpp">
      <Filter>Generated Files\Release</Filter>
    </ClCompile>
    <ClCompile Include="GeneratedFiles\Debug\moc_ChartContainer.cpp">
      <Filter>Generated Files\Debug</Filter>
    </ClCompile>
    <ClCompile Include="GeneratedFiles\Release\moc_ChartContainer.cpp">
      <Filter>Generated Files\Release</Filter>
    </ClCompile>
    <ClCompile Include="..\..\..\Source\ChartTabs.cpp">
      <Filter>Source\Chart\ChartTabs</Filter>
    </ClCompile>
    <ClCompile Include="..\..\..\Source\ChartWidget.cpp">
      <Filter>Source\Chart\ChartWidget</Filter>
    </ClCompile>
    <ClCompile Include="GeneratedFiles\Debug\moc_ChartWidget.cpp">
      <Filter>Generated Files\Debug</Filter>
    </ClCompile>
    <ClCompile Include="GeneratedFiles\Release\moc_ChartWidget.cpp">
      <Filter>Generated Files\Release</Filter>
    </ClCompile>
    <ClCompile Include="..\..\..\Source\qcustomplot-source\qcustomplot.cpp">
      <Filter>Source\Chart\ChartWidget\CustomPlot</Filter>
    </ClCompile>
    <ClCompile Include="GeneratedFiles\Debug\moc_qcustomplot.cpp">
      <Filter>Generated Files\Debug</Filter>
    </ClCompile>
    <ClCompile Include="GeneratedFiles\Release\moc_qcustomplot.cpp">
      <Filter>Generated Files\Release</Filter>
    </ClCompile>
    <ClCompile Include="..\..\..\Source\DataProxy.cpp">
      <Filter>Source\DataProxy</Filter>
    </ClCompile>
    <ClCompile Include="..\..\..\Source\CollectionProxy.cpp">
      <Filter>Source\DataProxy\CollectionProxy</Filter>
    </ClCompile>
    <ClCompile Include="..\..\..\Source\DSRandomGeneratorDialog.cpp">
      <Filter>Source\DataSource\Items\RandomGenerator\Widget</Filter>
    </ClCompile>
    <ClCompile Include="GeneratedFiles\Debug\moc_DSRandomGeneratorDialog.cpp">
      <Filter>Generated Files\Debug</Filter>
    </ClCompile>
    <ClCompile Include="GeneratedFiles\Release\moc_DSRandomGeneratorDialog.cpp">
      <Filter>Generated Files\Release</Filter>
    </ClCompile>
    <ClCompile Include="..\..\..\Source\DSManualControlDialog.cpp">
      <Filter>Source\DataSource\Items\ManualControl\Widget</Filter>
    </ClCompile>
    <ClCompile Include="GeneratedFiles\Debug\moc_DSManualControlDialog.cpp">
      <Filter>Generated Files\Debug</Filter>
    </ClCompile>
    <ClCompile Include="GeneratedFiles\Release\moc_DSManualControlDialog.cpp">
      <Filter>Generated Files\Release</Filter>
    </ClCompile>
    <ClCompile Include="..\..\..\Source\Mark.cpp">
      <Filter>Source\Chart\ChartWidget</Filter>
    </ClCompile>
    <ClCompile Include="GeneratedFiles\Debug\moc_Mark.cpp">
      <Filter>Generated Files\Debug</Filter>
    </ClCompile>
    <ClCompile Include="GeneratedFiles\Release\moc_Mark.cpp">
      <Filter>Generated Files\Release</Filter>
    </ClCompile>
  </ItemGroup>
  <ItemGroup>
    <CustomBuild Include="..\..\..\Source\ModuleData.h">
      <Filter>Source\_Main</Filter>
    </CustomBuild>
    <CustomBuild Include="..\..\..\Source\ModuleData.ui">
      <Filter>Source\_Main</Filter>
    </CustomBuild>
    <CustomBuild Include="..\..\..\Source\ModuleData.qrc">
      <Filter>Resources</Filter>
    </CustomBuild>
    <CustomBuild Include="..\..\..\Source\MarkingContainer.h">
      <Filter>Source\Marking</Filter>
    </CustomBuild>
    <CustomBuild Include="..\..\..\Source\MarkingEditorDialog.h">
      <Filter>Source\Marking\EditorDialog</Filter>
    </CustomBuild>
    <CustomBuild Include="..\..\..\Source\Marking.h">
      <Filter>Source\Marking\Items</Filter>
    </CustomBuild>
    <CustomBuild Include="..\..\..\Source\DataSource.h">
      <Filter>Source\DataSource\Items</Filter>
    </CustomBuild>
    <CustomBuild Include="..\..\..\Source\DataSourceContainer.h">
      <Filter>Source\DataSource</Filter>
    </CustomBuild>
    <CustomBuild Include="..\..\..\Source\Chart.h">
      <Filter>Source\Chart\Items</Filter>
    </CustomBuild>
    <CustomBuild Include="..\..\..\Source\ChartContainer.h">
      <Filter>Source\Chart</Filter>
    </CustomBuild>
    <CustomBuild Include="..\..\..\Source\ChartWidget.h">
      <Filter>Source\Chart\ChartWidget</Filter>
    </CustomBuild>
    <CustomBuild Include="..\..\..\Source\qcustomplot-source\qcustomplot.h">
      <Filter>Source\Chart\ChartWidget\CustomPlot</Filter>
    </CustomBuild>
    <CustomBuild Include="..\..\..\Source\DSRandomGeneratorDialog.h">
      <Filter>Source\DataSource\Items\RandomGenerator\Widget</Filter>
    </CustomBuild>
    <CustomBuild Include="..\..\..\Source\DSManualControlDialog.h">
      <Filter>Source\DataSource\Items\ManualControl\Widget</Filter>
    </CustomBuild>
    <CustomBuild Include="..\..\..\Source\Mark.h">
      <Filter>Source\Chart\ChartWidget</Filter>
    </CustomBuild>
  </ItemGroup>
  <ItemGroup>
    <ResourceCompile Include="ModuleData_win32.rc">
      <Filter>Resources</Filter>
    </ResourceCompile>
  </ItemGroup>
  <ItemGroup>
    <ClInclude Include="GeneratedFiles\ui_ModuleData.h">
      <Filter>Generated Files</Filter>
    </ClInclude>
    <ClInclude Include="..\..\..\Source\DSRandomGenerator.h">
      <Filter>Source\DataSource\Items\RandomGenerator</Filter>
    </ClInclude>
    <ClInclude Include="..\..\..\Source\DSManualControl.h">
      <Filter>Source\DataSource\Items\ManualControl</Filter>
    </ClInclude>
    <ClInclude Include="..\..\..\Source\DSComPort.h">
      <Filter>Source\DataSource\Items\ComPort</Filter>
    </ClInclude>
    <ClInclude Include="..\..\..\Source\ChartTabs.h">
      <Filter>Source\Chart\ChartTabs</Filter>
    </ClInclude>
    <ClInclude Include="..\..\..\Source\DataProxy.h">
      <Filter>Source\DataProxy</Filter>
    </ClInclude>
    <ClInclude Include="..\..\..\Source\CollectionProxy.h">
      <Filter>Source\DataProxy\CollectionProxy</Filter>
    </ClInclude>
  </ItemGroup>
</Project>