<?xml version="1.0" encoding="utf-8"?>
<Project ToolsVersion="4.0" xmlns="http://schemas.microsoft.com/developer/msbuild/2003">
  <ItemGroup>
    <Filter Include="Generated Files">
      <UniqueIdentifier>{71ED8ED8-ACB9-4CE9-BBE1-E00B30144E11}</UniqueIdentifier>
      <Extensions>moc;h;cpp</Extensions>
      <SourceControlFiles>False</SourceControlFiles>
    </Filter>
    <Filter Include="Generated Files\Debug">
      <UniqueIdentifier>{7ccb90cf-c9f7-436c-9c43-7304f3d29eb3}</UniqueIdentifier>
      <Extensions>cpp;moc</Extensions>
      <SourceControlFiles>False</SourceControlFiles>
    </Filter>
    <Filter Include="Generated Files\Release">
      <UniqueIdentifier>{6c379078-ac3c-4aa4-b44d-f64d14b9b52b}</UniqueIdentifier>
      <Extensions>cpp;moc</Extensions>
      <SourceControlFiles>False</SourceControlFiles>
    </Filter>
    <Filter Include="Source">
      <UniqueIdentifier>{7d51e9cb-6916-4c46-b65e-447c428544af}</UniqueIdentifier>
    </Filter>
    <Filter Include="Resources">
      <UniqueIdentifier>{fc147a7b-5449-4682-a9e6-a3491a4aaecc}</UniqueIdentifier>
    </Filter>
    <Filter Include="Source\Main">
      <UniqueIdentifier>{44db30e7-0609-46e7-b1b9-d6642e997054}</UniqueIdentifier>
    </Filter>
  </ItemGroup>
  <ItemGroup>
    <ClCompile Include="main.cpp">
      <Filter>Source</Filter>
    </ClCompile>
    <ClCompile Include="..\..\..\Source\ModuleData.cpp">
      <Filter>Source\Main</Filter>
    </ClCompile>
    <ClCompile Include="GeneratedFiles\Debug\moc_ModuleData.cpp">
      <Filter>Generated Files\Debug</Filter>
    </ClCompile>
    <ClCompile Include="GeneratedFiles\Release\moc_ModuleData.cpp">
      <Filter>Generated Files\Release</Filter>
    </ClCompile>
    <ClCompile Include="GeneratedFiles\qrc_ModuleData.cpp">
      <Filter>Generated Files</Filter>
    </ClCompile>
  </ItemGroup>
  <ItemGroup>
    <CustomBuild Include="..\..\..\Source\ModuleData.h">
      <Filter>Source\Main</Filter>
    </CustomBuild>
    <CustomBuild Include="..\..\..\Source\ModuleData.ui">
      <Filter>Source\Main</Filter>
    </CustomBuild>
    <CustomBuild Include="..\..\..\Source\ModuleData.qrc">
      <Filter>Resources</Filter>
    </CustomBuild>
  </ItemGroup>
  <ItemGroup>
    <ResourceCompile Include="ModuleData_win32.rc">
      <Filter>Resources</Filter>
    </ResourceCompile>
  </ItemGroup>
  <ItemGroup>
    <ClInclude Include="GeneratedFiles\ui_ModuleData.h">
      <Filter>Generated Files</Filter>
    </ClInclude>
  </ItemGroup>
</Project>